<?xml version="1.0" encoding="utf-8"?>
<Project ToolsVersion="4.0" xmlns="http://schemas.microsoft.com/developer/msbuild/2003">
  <ItemGroup>
    <Filter Include="Source Files">
      <UniqueIdentifier>{4FC737F1-C7A5-4376-A066-2A32D752A2FF}</UniqueIdentifier>
      <Extensions>cpp;c;cc;cxx;def;odl;idl;hpj;bat;asm;asmx</Extensions>
    </Filter>
    <Filter Include="Header Files">
      <UniqueIdentifier>{93995380-89BD-4b04-88EB-625FBE52EBFB}</UniqueIdentifier>
      <Extensions>h;hh;hpp;hxx;hm;inl;inc;ipp;xsd</Extensions>
    </Filter>
    <Filter Include="Resource Files">
      <UniqueIdentifier>{67DA6AB6-F800-4c08-8B7A-83BB121AAD01}</UniqueIdentifier>
      <Extensions>rc;ico;cur;bmp;dlg;rc2;rct;bin;rgs;gif;jpg;jpeg;jpe;resx;tiff;tif;png;wav;mfcribbon-ms</Extensions>
    </Filter>
    <Filter Include="Header Files\LCD">
      <UniqueIdentifier>{112d9066-8bc8-4cb6-8d02-27994121ba3f}</UniqueIdentifier>
    </Filter>
    <Filter Include="Header Files\LCD\Allegro">
      <UniqueIdentifier>{8c423524-e2d8-4ae2-8e2c-9bcff91f7840}</UniqueIdentifier>
    </Filter>
    <Filter Include="Header Files\LCD\Hitachi">
      <UniqueIdentifier>{74e5967c-87f0-4c4d-a3a2-4207ed7f7e1d}</UniqueIdentifier>
    </Filter>
    <Filter Include="Header Files\Utils">
      <UniqueIdentifier>{6b8417a4-f858-4ffd-9ff3-6505334ffcc6}</UniqueIdentifier>
    </Filter>
    <Filter Include="Source Files\LCD">
      <UniqueIdentifier>{b3e49866-b2ca-4f9d-989b-e05b4da4efb9}</UniqueIdentifier>
    </Filter>
    <Filter Include="Source Files\LCD\Allegro">
      <UniqueIdentifier>{213710cd-9075-4ef5-ab64-f3dccc119ec2}</UniqueIdentifier>
    </Filter>
    <Filter Include="Source Files\LCD\Hitachi">
      <UniqueIdentifier>{54e536e9-67ac-474c-82e4-f97adf5b475d}</UniqueIdentifier>
    </Filter>
    <Filter Include="Source Files\Utils">
      <UniqueIdentifier>{ee659438-e56d-4257-bc78-a287055fc50c}</UniqueIdentifier>
    </Filter>
  </ItemGroup>
  <ItemGroup>
    <ClInclude Include="allegrolcd.h">
      <Filter>Header Files\LCD\Allegro</Filter>
    </ClInclude>
    <ClInclude Include="BasicLcd.h">
      <Filter>Header Files\LCD</Filter>
    </ClInclude>
    <ClInclude Include="Display.h">
      <Filter>Header Files\LCD\Hitachi</Filter>
    </ClInclude>
    <ClInclude Include="WrittenBox.h">
      <Filter>Header Files\LCD\Allegro</Filter>
    </ClInclude>
    <ClInclude Include="Timer.h">
      <Filter>Header Files\Utils</Filter>
    </ClInclude>
    <ClInclude Include="CursesClass.h">
      <Filter>Header Files\Utils</Filter>
    </ClInclude>
    <ClInclude Include="UserHandler.h">
      <Filter>Header Files\LCD</Filter>
    </ClInclude>
  </ItemGroup>
  <ItemGroup>
    <ClCompile Include="allegrolcd.cpp">
      <Filter>Source Files\LCD\Allegro</Filter>
    </ClCompile>
    <ClCompile Include="WrittenBox.cpp">
      <Filter>Source Files\LCD\Allegro</Filter>
    </ClCompile>
    <ClCompile Include="Display.cpp">
      <Filter>Source Files\LCD\Hitachi</Filter>
    </ClCompile>
    <ClCompile Include="hitachilcd.cpp">
      <Filter>Source Files\LCD\Hitachi</Filter>
    </ClCompile>
    <ClCompile Include="UserHandler.cpp">
      <Filter>Source Files\LCD</Filter>
    </ClCompile>
    <ClCompile Include="CursesClass.cpp">
      <Filter>Source Files\Utils</Filter>
    </ClCompile>
    <ClCompile Include="Timer.cpp">
      <Filter>Source Files\Utils</Filter>
    </ClCompile>
    <ClCompile Include="main.cpp">
      <Filter>Source Files</Filter>
    </ClCompile>
  </ItemGroup>
</Project>